
Microsoft Visual Studio Solution File, Format Version 12.00
# Visual Studio 15
VisualStudioVersion = 15.0.26124.0
MinimumVisualStudioVersion = 15.0.26124.0
Project("{FAE04EC0-301F-11D3-BF4B-00C04F79EFBC}") = "Application", "Api.Application\Application.csproj", "{713D727C-2243-48A0-BACD-D836624ABA65}"
EndProject
Project("{FAE04EC0-301F-11D3-BF4B-00C04F79EFBC}") = "Domain", "Api.Domain\Domain.csproj", "{A4B3F8E1-F589-4F2B-930C-F60575F40AF0}"
EndProject
Project("{FAE04EC0-301F-11D3-BF4B-00C04F79EFBC}") = "CrossCutting", "Api.CrossCutting\CrossCutting.csproj", "{EE36D25E-AAB5-4281-A78C-C3327DC07F94}"
EndProject
Project("{FAE04EC0-301F-11D3-BF4B-00C04F79EFBC}") = "Data", "Api.Data\Data.csproj", "{1ECEECC0-BF5E-482C-886F-BC03F22A0D68}"
EndProject
Project("{FAE04EC0-301F-11D3-BF4B-00C04F79EFBC}") = "Service", "Api.Service\Service.csproj", "{5A2EE4A2-4177-4AD9-95C4-BE523A21BDA4}"
EndProject
Global
	GlobalSection(SolutionConfigurationPlatforms) = preSolution
		Debug|Any CPU = Debug|Any CPU
		Debug|x64 = Debug|x64
		Debug|x86 = Debug|x86
		Release|Any CPU = Release|Any CPU
		Release|x64 = Release|x64
		Release|x86 = Release|x86
	EndGlobalSection
	GlobalSection(SolutionProperties) = preSolution
		HideSolutionNode = FALSE
	EndGlobalSection
	GlobalSection(ProjectConfigurationPlatforms) = postSolution
		{713D727C-2243-48A0-BACD-D836624ABA65}.Debug|Any CPU.ActiveCfg = Debug|Any CPU
		{713D727C-2243-48A0-BACD-D836624ABA65}.Debug|Any CPU.Build.0 = Debug|Any CPU
		{713D727C-2243-48A0-BACD-D836624ABA65}.Debug|x64.ActiveCfg = Debug|Any CPU
		{713D727C-2243-48A0-BACD-D836624ABA65}.Debug|x64.Build.0 = Debug|Any CPU
		{713D727C-2243-48A0-BACD-D836624ABA65}.Debug|x86.ActiveCfg = Debug|Any CPU
		{713D727C-2243-48A0-BACD-D836624ABA65}.Debug|x86.Build.0 = Debug|Any CPU
		{713D727C-2243-48A0-BACD-D836624ABA65}.Release|Any CPU.ActiveCfg = Release|Any CPU
		{713D727C-2243-48A0-BACD-D836624ABA65}.Release|Any CPU.Build.0 = Release|Any CPU
		{713D727C-2243-48A0-BACD-D836624ABA65}.Release|x64.ActiveCfg = Release|Any CPU
		{713D727C-2243-48A0-BACD-D836624ABA65}.Release|x64.Build.0 = Release|Any CPU
		{713D727C-2243-48A0-BACD-D836624ABA65}.Release|x86.ActiveCfg = Release|Any CPU
		{713D727C-2243-48A0-BACD-D836624ABA65}.Release|x86.Build.0 = Release|Any CPU
		{A4B3F8E1-F589-4F2B-930C-F60575F40AF0}.Debug|Any CPU.ActiveCfg = Debug|Any CPU
		{A4B3F8E1-F589-4F2B-930C-F60575F40AF0}.Debug|Any CPU.Build.0 = Debug|Any CPU
		{A4B3F8E1-F589-4F2B-930C-F60575F40AF0}.Debug|x64.ActiveCfg = Debug|Any CPU
		{A4B3F8E1-F589-4F2B-930C-F60575F40AF0}.Debug|x64.Build.0 = Debug|Any CPU
		{A4B3F8E1-F589-4F2B-930C-F60575F40AF0}.Debug|x86.ActiveCfg = Debug|Any CPU
		{A4B3F8E1-F589-4F2B-930C-F60575F40AF0}.Debug|x86.Build.0 = Debug|Any CPU
		{A4B3F8E1-F589-4F2B-930C-F60575F40AF0}.Release|Any CPU.ActiveCfg = Release|Any CPU
		{A4B3F8E1-F589-4F2B-930C-F60575F40AF0}.Release|Any CPU.Build.0 = Release|Any CPU
		{A4B3F8E1-F589-4F2B-930C-F60575F40AF0}.Release|x64.ActiveCfg = Release|Any CPU
		{A4B3F8E1-F589-4F2B-930C-F60575F40AF0}.Release|x64.Build.0 = Release|Any CPU
		{A4B3F8E1-F589-4F2B-930C-F60575F40AF0}.Release|x86.ActiveCfg = Release|Any CPU
		{A4B3F8E1-F589-4F2B-930C-F60575F40AF0}.Release|x86.Build.0 = Release|Any CPU
		{EE36D25E-AAB5-4281-A78C-C3327DC07F94}.Debug|Any CPU.ActiveCfg = Debug|Any CPU
		{EE36D25E-AAB5-4281-A78C-C3327DC07F94}.Debug|Any CPU.Build.0 = Debug|Any CPU
		{EE36D25E-AAB5-4281-A78C-C3327DC07F94}.Debug|x64.ActiveCfg = Debug|Any CPU
		{EE36D25E-AAB5-4281-A78C-C3327DC07F94}.Debug|x64.Build.0 = Debug|Any CPU
		{EE36D25E-AAB5-4281-A78C-C3327DC07F94}.Debug|x86.ActiveCfg = Debug|Any CPU
		{EE36D25E-AAB5-4281-A78C-C3327DC07F94}.Debug|x86.Build.0 = Debug|Any CPU
		{EE36D25E-AAB5-4281-A78C-C3327DC07F94}.Release|Any CPU.ActiveCfg = Release|Any CPU
		{EE36D25E-AAB5-4281-A78C-C3327DC07F94}.Release|Any CPU.Build.0 = Release|Any CPU
		{EE36D25E-AAB5-4281-A78C-C3327DC07F94}.Release|x64.ActiveCfg = Release|Any CPU
		{EE36D25E-AAB5-4281-A78C-C3327DC07F94}.Release|x64.Build.0 = Release|Any CPU
		{EE36D25E-AAB5-4281-A78C-C3327DC07F94}.Release|x86.ActiveCfg = Release|Any CPU
		{EE36D25E-AAB5-4281-A78C-C3327DC07F94}.Release|x86.Build.0 = Release|Any CPU
		{1ECEECC0-BF5E-482C-886F-BC03F22A0D68}.Debug|Any CPU.ActiveCfg = Debug|Any CPU
		{1ECEECC0-BF5E-482C-886F-BC03F22A0D68}.Debug|Any CPU.Build.0 = Debug|Any CPU
		{1ECEECC0-BF5E-482C-886F-BC03F22A0D68}.Debug|x64.ActiveCfg = Debug|Any CPU
		{1ECEECC0-BF5E-482C-886F-BC03F22A0D68}.Debug|x64.Build.0 = Debug|Any CPU
		{1ECEECC0-BF5E-482C-886F-BC03F22A0D68}.Debug|x86.ActiveCfg = Debug|Any CPU
		{1ECEECC0-BF5E-482C-886F-BC03F22A0D68}.Debug|x86.Build.0 = Debug|Any CPU
		{1ECEECC0-BF5E-482C-886F-BC03F22A0D68}.Release|Any CPU.ActiveCfg = Release|Any CPU
		{1ECEECC0-BF5E-482C-886F-BC03F22A0D68}.Release|Any CPU.Build.0 = Release|Any CPU
		{1ECEECC0-BF5E-482C-886F-BC03F22A0D68}.Release|x64.ActiveCfg = Release|Any CPU
		{1ECEECC0-BF5E-482C-886F-BC03F22A0D68}.Release|x64.Build.0 = Release|Any CPU
		{1ECEECC0-BF5E-482C-886F-BC03F22A0D68}.Release|x86.ActiveCfg = Release|Any CPU
		{1ECEECC0-BF5E-482C-886F-BC03F22A0D68}.Release|x86.Build.0 = Release|Any CPU
		{5A2EE4A2-4177-4AD9-95C4-BE523A21BDA4}.Debug|Any CPU.ActiveCfg = Debug|Any CPU
		{5A2EE4A2-4177-4AD9-95C4-BE523A21BDA4}.Debug|Any CPU.Build.0 = Debug|Any CPU
		{5A2EE4A2-4177-4AD9-95C4-BE523A21BDA4}.Debug|x64.ActiveCfg = Debug|Any CPU
		{5A2EE4A2-4177-4AD9-95C4-BE523A21BDA4}.Debug|x64.Build.0 = Debug|Any CPU
		{5A2EE4A2-4177-4AD9-95C4-BE523A21BDA4}.Debug|x86.ActiveCfg = Debug|Any CPU
		{5A2EE4A2-4177-4AD9-95C4-BE523A21BDA4}.Debug|x86.Build.0 = Debug|Any CPU
		{5A2EE4A2-4177-4AD9-95C4-BE523A21BDA4}.Release|Any CPU.ActiveCfg = Release|Any CPU
		{5A2EE4A2-4177-4AD9-95C4-BE523A21BDA4}.Release|Any CPU.Build.0 = Release|Any CPU
		{5A2EE4A2-4177-4AD9-95C4-BE523A21BDA4}.Release|x64.ActiveCfg = Release|Any CPU
		{5A2EE4A2-4177-4AD9-95C4-BE523A21BDA4}.Release|x64.Build.0 = Release|Any CPU
		{5A2EE4A2-4177-4AD9-95C4-BE523A21BDA4}.Release|x86.ActiveCfg = Release|Any CPU
		{5A2EE4A2-4177-4AD9-95C4-BE523A21BDA4}.Release|x86.Build.0 = Release|Any CPU
		{22E8DB81-0BFB-4399-BEA3-5EFEBD94FEBA}.Debug|Any CPU.ActiveCfg = Debug|Any CPU
		{22E8DB81-0BFB-4399-BEA3-5EFEBD94FEBA}.Debug|Any CPU.Build.0 = Debug|Any CPU
		{22E8DB81-0BFB-4399-BEA3-5EFEBD94FEBA}.Debug|x64.ActiveCfg = Debug|Any CPU
		{22E8DB81-0BFB-4399-BEA3-5EFEBD94FEBA}.Debug|x64.Build.0 = Debug|Any CPU
		{22E8DB81-0BFB-4399-BEA3-5EFEBD94FEBA}.Debug|x86.ActiveCfg = Debug|Any CPU
		{22E8DB81-0BFB-4399-BEA3-5EFEBD94FEBA}.Debug|x86.Build.0 = Debug|Any CPU
		{22E8DB81-0BFB-4399-BEA3-5EFEBD94FEBA}.Release|Any CPU.ActiveCfg = Release|Any CPU
		{22E8DB81-0BFB-4399-BEA3-5EFEBD94FEBA}.Release|Any CPU.Build.0 = Release|Any CPU
		{22E8DB81-0BFB-4399-BEA3-5EFEBD94FEBA}.Release|x64.ActiveCfg = Release|Any CPU
		{22E8DB81-0BFB-4399-BEA3-5EFEBD94FEBA}.Release|x64.Build.0 = Release|Any CPU
		{22E8DB81-0BFB-4399-BEA3-5EFEBD94FEBA}.Release|x86.ActiveCfg = Release|Any CPU
		{22E8DB81-0BFB-4399-BEA3-5EFEBD94FEBA}.Release|x86.Build.0 = Release|Any CPU
		{A2F97D3D-8817-41F6-BE05-3D91AC7F5946}.Debug|Any CPU.ActiveCfg = Debug|Any CPU
		{A2F97D3D-8817-41F6-BE05-3D91AC7F5946}.Debug|Any CPU.Build.0 = Debug|Any CPU
		{A2F97D3D-8817-41F6-BE05-3D91AC7F5946}.Debug|x64.ActiveCfg = Debug|Any CPU
		{A2F97D3D-8817-41F6-BE05-3D91AC7F5946}.Debug|x64.Build.0 = Debug|Any CPU
		{A2F97D3D-8817-41F6-BE05-3D91AC7F5946}.Debug|x86.ActiveCfg = Debug|Any CPU
		{A2F97D3D-8817-41F6-BE05-3D91AC7F5946}.Debug|x86.Build.0 = Debug|Any CPU
		{A2F97D3D-8817-41F6-BE05-3D91AC7F5946}.Release|Any CPU.ActiveCfg = Release|Any CPU
		{A2F97D3D-8817-41F6-BE05-3D91AC7F5946}.Release|Any CPU.Build.0 = Release|Any CPU
		{A2F97D3D-8817-41F6-BE05-3D91AC7F5946}.Release|x64.ActiveCfg = Release|Any CPU
		{A2F97D3D-8817-41F6-BE05-3D91AC7F5946}.Release|x64.Build.0 = Release|Any CPU
		{A2F97D3D-8817-41F6-BE05-3D91AC7F5946}.Release|x86.ActiveCfg = Release|Any CPU
		{A2F97D3D-8817-41F6-BE05-3D91AC7F5946}.Release|x86.Build.0 = Release|Any CPU
	EndGlobalSection
EndGlobal
